
Microsoft Visual Studio Solution File, Format Version 12.00
# Visual Studio Version 17
VisualStudioVersion = 17.14.36414.22 d17.14
MinimumVisualStudioVersion = 10.0.40219.1
Project("{FAE04EC0-301F-11D3-BF4B-00C04F79EFBC}") = "KaraokeMax", "KaraokeMax\KaraokeMax.csproj", "{E7F56699-F9FD-4FE9-A047-87D7292E4766}"
EndProject
Global
	GlobalSection(SolutionConfigurationPlatforms) = preSolution
		Debug|Any CPU = Debug|Any CPU
		Release|Any CPU = Release|Any CPU
	EndGlobalSection
	GlobalSection(ProjectConfigurationPlatforms) = postSolution
		{E7F56699-F9FD-4FE9-A047-87D7292E4766}.Debug|Any CPU.ActiveCfg = Debug|Any CPU
		{E7F56699-F9FD-4FE9-A047-87D7292E4766}.Debug|Any CPU.Build.0 = Debug|Any CPU
		{E7F56699-F9FD-4FE9-A047-87D7292E4766}.Release|Any CPU.ActiveCfg = Release|Any CPU
		{E7F56699-F9FD-4FE9-A047-87D7292E4766}.Release|Any CPU.Build.0 = Release|Any CPU
	EndGlobalSection
	GlobalSection(SolutionProperties) = preSolution
		HideSolutionNode = FALSE
	EndGlobalSection
	GlobalSection(ExtensibilityGlobals) = postSolution
		SolutionGuid = {98F70816-4ACC-4059-9B5D-3D1AFBCB4C58}
	EndGlobalSection
EndGlobal
